lockfileVersion: '9.0'

settings:
  autoInstallPeers: true
  excludeLinksFromLockfile: false

importers:

  .:
    dependencies:
      '@rsbuild/core':
        specifier: ^1.1.0
        version: 1.1.0
      jiti:
        specifier: ^2.4.0
        version: 2.4.0
      magic-string:
        specifier: ^0.30.12
        version: 0.30.12
      rslog:
        specifier: ^1.2.3
        version: 1.2.3
    devDependencies:
      '@rslib/core':
        specifier: ^0.0.16
        version: 0.0.16(typescript@5.6.3)
      '@types/node':
        specifier: ^22.9.0
        version: 22.9.0
      cac:
        specifier: ^6.7.14
        version: 6.7.14
      picocolors:
        specifier: ^1.1.1
        version: 1.1.1
      prebundle:
        specifier: 1.2.5
        version: 1.2.5(typescript@5.6.3)
      typescript:
        specifier: ^5.6.3
        version: 5.6.3

packages:

  '@babel/code-frame@7.26.2':
    resolution: {integrity: sha512-RJlIHRueQgwWitWgF8OdFYGZX328Ax5BCemNGlqHfplnRT9ESi8JkFlvaVYbS+UubVY6dpv87Fs2u5M29iNFVQ==}
    engines: {node: '>=6.9.0'}

  '@babel/helper-validator-identifier@7.25.9':
    resolution: {integrity: sha512-Ed61U6XJc3CVRfkERJWDz4dJwKe7iLmmJsbOGu9wSloNSFttHV0I8g6UAgb7qnK5ly5bGLPd4oXZlxCdANBOWQ==}
    engines: {node: '>=6.9.0'}

  '@jridgewell/gen-mapping@0.3.5':
    resolution: {integrity: sha512-IzL8ZoEDIBRWEzlCcRhOaCupYyN5gdIK+Q6fbFdPDg6HqX6jpkItn7DFIpW9LQzXG6Df9sA7+OKnq0qlz/GaQg==}
    engines: {node: '>=6.0.0'}

  '@jridgewell/resolve-uri@3.1.2':
    resolution: {integrity: sha512-bRISgCIjP20/tbWSPWMEi54QVPRZExkuD9lJL+UIxUKtwVJA8wW1Trb1jMs1RFXo1CBTNZ/5hpC9QvmKWdopKw==}
    engines: {node: '>=6.0.0'}

  '@jridgewell/set-array@1.2.1':
    resolution: {integrity: sha512-R8gLRTZeyp03ymzP/6Lil/28tGeGEzhx1q2k703KGWRAI1VdvPIXdG70VJc2pAMw3NA6JKL5hhFu1sJX0Mnn/A==}
    engines: {node: '>=6.0.0'}

  '@jridgewell/source-map@0.3.6':
    resolution: {integrity: sha512-1ZJTZebgqllO79ue2bm3rIGud/bOe0pP5BjSRCRxxYkEZS8STV7zN84UBbiYu7jy+eCKSnVIUgoWWE/tt+shMQ==}

  '@jridgewell/sourcemap-codec@1.5.0':
    resolution: {integrity: sha512-gv3ZRaISU3fjPAgNsriBRqGWQL6quFx04YMPW/zD8XMLsU32mhCCbfbO6KZFLjvYpCZ8zyDEgqsgf+PwPaM7GQ==}

  '@jridgewell/trace-mapping@0.3.25':
    resolution: {integrity: sha512-vNk6aEwybGtawWmy/PzwnGDOjCkLWSD2wqvjGGAgOAwCGWySYXfYoxt00IJkTF+8Lb57DwOb3Aa0o9CApepiYQ==}

  '@module-federation/runtime-tools@0.5.1':
    resolution: {integrity: sha512-nfBedkoZ3/SWyO0hnmaxuz0R0iGPSikHZOAZ0N/dVSQaIzlffUo35B5nlC2wgWIc0JdMZfkwkjZRrnuuDIJbzg==}

  '@module-federation/runtime@0.5.1':
    resolution: {integrity: sha512-xgiMUWwGLWDrvZc9JibuEbXIbhXg6z2oUkemogSvQ4LKvrl/n0kbqP1Blk669mXzyWbqtSp6PpvNdwaE1aN5xQ==}

  '@module-federation/sdk@0.5.1':
    resolution: {integrity: sha512-exvchtjNURJJkpqjQ3/opdbfeT2wPKvrbnGnyRkrwW5o3FH1LaST1tkiNviT6OXTexGaVc2DahbdniQHVtQ7pA==}

  '@module-federation/webpack-bundler-runtime@0.5.1':
    resolution: {integrity: sha512-mMhRFH0k2VjwHt3Jol9JkUsmI/4XlrAoBG3E0o7HoyoPYv1UFOWyqAflfANcUPgbYpvqmyLzDcO+3IT36LXnrA==}

  '@rollup/rollup-android-arm-eabi@4.25.0':
    resolution: {integrity: sha512-CC/ZqFZwlAIbU1wUPisHyV/XRc5RydFrNLtgl3dGYskdwPZdt4HERtKm50a/+DtTlKeCq9IXFEWR+P6blwjqBA==}
    cpu: [arm]
    os: [android]

  '@rollup/rollup-android-arm64@4.25.0':
    resolution: {integrity: sha512-/Y76tmLGUJqVBXXCfVS8Q8FJqYGhgH4wl4qTA24E9v/IJM0XvJCGQVSW1QZ4J+VURO9h8YCa28sTFacZXwK7Rg==}
    cpu: [arm64]
    os: [android]

  '@rollup/rollup-darwin-arm64@4.25.0':
    resolution: {integrity: sha512-YVT6L3UrKTlC0FpCZd0MGA7NVdp7YNaEqkENbWQ7AOVOqd/7VzyHpgIpc1mIaxRAo1ZsJRH45fq8j4N63I/vvg==}
    cpu: [arm64]
    os: [darwin]

  '@rollup/rollup-darwin-x64@4.25.0':
    resolution: {integrity: sha512-ZRL+gexs3+ZmmWmGKEU43Bdn67kWnMeWXLFhcVv5Un8FQcx38yulHBA7XR2+KQdYIOtD0yZDWBCudmfj6lQJoA==}
    cpu: [x64]
    os: [darwin]

  '@rollup/rollup-freebsd-arm64@4.25.0':
    resolution: {integrity: sha512-xpEIXhiP27EAylEpreCozozsxWQ2TJbOLSivGfXhU4G1TBVEYtUPi2pOZBnvGXHyOdLAUUhPnJzH3ah5cqF01g==}
    cpu: [arm64]
    os: [freebsd]

  '@rollup/rollup-freebsd-x64@4.25.0':
    resolution: {integrity: sha512-sC5FsmZGlJv5dOcURrsnIK7ngc3Kirnx3as2XU9uER+zjfyqIjdcMVgzy4cOawhsssqzoAX19qmxgJ8a14Qrqw==}
    cpu: [x64]
    os: [freebsd]

  '@rollup/rollup-linux-arm-gnueabihf@4.25.0':
    resolution: {integrity: sha512-uD/dbLSs1BEPzg564TpRAQ/YvTnCds2XxyOndAO8nJhaQcqQGFgv/DAVko/ZHap3boCvxnzYMa3mTkV/B/3SWA==}
    cpu: [arm]
    os: [linux]
    libc: [glibc]

  '@rollup/rollup-linux-arm-musleabihf@4.25.0':
    resolution: {integrity: sha512-ZVt/XkrDlQWegDWrwyC3l0OfAF7yeJUF4fq5RMS07YM72BlSfn2fQQ6lPyBNjt+YbczMguPiJoCfaQC2dnflpQ==}
    cpu: [arm]
    os: [linux]
    libc: [musl]

  '@rollup/rollup-linux-arm64-gnu@4.25.0':
    resolution: {integrity: sha512-qboZ+T0gHAW2kkSDPHxu7quaFaaBlynODXpBVnPxUgvWYaE84xgCKAPEYE+fSMd3Zv5PyFZR+L0tCdYCMAtG0A==}
    cpu: [arm64]
    os: [linux]
    libc: [glibc]

  '@rollup/rollup-linux-arm64-musl@4.25.0':
    resolution: {integrity: sha512-ndWTSEmAaKr88dBuogGH2NZaxe7u2rDoArsejNslugHZ+r44NfWiwjzizVS1nUOHo+n1Z6qV3X60rqE/HlISgw==}
    cpu: [arm64]
    os: [linux]
    libc: [musl]

  '@rollup/rollup-linux-powerpc64le-gnu@4.25.0':
    resolution: {integrity: sha512-BVSQvVa2v5hKwJSy6X7W1fjDex6yZnNKy3Kx1JGimccHft6HV0THTwNtC2zawtNXKUu+S5CjXslilYdKBAadzA==}
    cpu: [ppc64]
    os: [linux]
    libc: [glibc]

  '@rollup/rollup-linux-riscv64-gnu@4.25.0':
    resolution: {integrity: sha512-G4hTREQrIdeV0PE2JruzI+vXdRnaK1pg64hemHq2v5fhv8C7WjVaeXc9P5i4Q5UC06d/L+zA0mszYIKl+wY8oA==}
    cpu: [riscv64]
    os: [linux]
    libc: [glibc]

  '@rollup/rollup-linux-s390x-gnu@4.25.0':
    resolution: {integrity: sha512-9T/w0kQ+upxdkFL9zPVB6zy9vWW1deA3g8IauJxojN4bnz5FwSsUAD034KpXIVX5j5p/rn6XqumBMxfRkcHapQ==}
    cpu: [s390x]
    os: [linux]
    libc: [glibc]

  '@rollup/rollup-linux-x64-gnu@4.25.0':
    resolution: {integrity: sha512-ThcnU0EcMDn+J4B9LD++OgBYxZusuA7iemIIiz5yzEcFg04VZFzdFjuwPdlURmYPZw+fgVrFzj4CA64jSTG4Ig==}
    cpu: [x64]
    os: [linux]
    libc: [glibc]

  '@rollup/rollup-linux-x64-musl@4.25.0':
    resolution: {integrity: sha512-zx71aY2oQxGxAT1JShfhNG79PnjYhMC6voAjzpu/xmMjDnKNf6Nl/xv7YaB/9SIa9jDYf8RBPWEnjcdlhlv1rQ==}
    cpu: [x64]
    os: [linux]
    libc: [musl]

  '@rollup/rollup-win32-arm64-msvc@4.25.0':
    resolution: {integrity: sha512-JT8tcjNocMs4CylWY/CxVLnv8e1lE7ff1fi6kbGocWwxDq9pj30IJ28Peb+Y8yiPNSF28oad42ApJB8oUkwGww==}
    cpu: [arm64]
    os: [win32]

  '@rollup/rollup-win32-ia32-msvc@4.25.0':
    resolution: {integrity: sha512-dRLjLsO3dNOfSN6tjyVlG+Msm4IiZnGkuZ7G5NmpzwF9oOc582FZG05+UdfTbz5Jd4buK/wMb6UeHFhG18+OEg==}
    cpu: [ia32]
    os: [win32]

  '@rollup/rollup-win32-x64-msvc@4.25.0':
    resolution: {integrity: sha512-/RqrIFtLB926frMhZD0a5oDa4eFIbyNEwLLloMTEjmqfwZWXywwVVOVmwTsuyhC9HKkVEZcOOi+KV4U9wmOdlg==}
    cpu: [x64]
    os: [win32]

  '@rsbuild/core@1.0.19':
    resolution: {integrity: sha512-63DAPvYfRBoUrb51BUPb4Xoqx48MHQ0yLcmnCiqZGpMeKYtTWzD+lyx5va4cr9qvdnIFTAX2BMuYC/j5iSrtTA==}
    engines: {node: '>=16.7.0'}
    hasBin: true

  '@rsbuild/core@1.1.0':
    resolution: {integrity: sha512-SyQlJjWgR1VwLt4nuiY0g6L9INv2koH232TeDZuopvNgbRytskD3kJ8bbGWBBXsQjZjtqBEh5ishqf8CIfF8dQ==}
    engines: {node: '>=16.7.0'}
    hasBin: true

  '@rslib/core@0.0.16':
    resolution: {integrity: sha512-g6IFUZW0K7DDKK/27kF7DOKhP5JIqZoIVAU0c9DZffRE3Pw9sWTyEyVN/kaEnp5k3gaeQTBpcV9nSW+41B2slQ==}
    engines: {node: '>=16.0.0'}
    hasBin: true
    peerDependencies:
      '@microsoft/api-extractor': ^7
      typescript: ^5
    peerDependenciesMeta:
      '@microsoft/api-extractor':
        optional: true
      typescript:
        optional: true

  '@rspack/binding-darwin-arm64@1.0.14':
    resolution: {integrity: sha512-dHvlF6T6ctThGDIdvkSdacroA1xlCxfteuppBj8BX/UxzLPr4xsaEtNilfJmFfd2/J02UQyTQauN/9EBuA+YkA==}
    cpu: [arm64]
    os: [darwin]

  '@rspack/binding-darwin-arm64@1.1.0':
    resolution: {integrity: sha512-02YmzmtKMNHCSMzVT5sgbJuPDn+HunkrtWq0D95Fh9sGKYap9cs0JOpzTfyAL3KXJ9JzVfOAZA3VgVQOBaQNWQ==}
    cpu: [arm64]
    os: [darwin]

  '@rspack/binding-darwin-x64@1.0.14':
    resolution: {integrity: sha512-q4Da1Bn/4xTLhhnOkT+fjP2STsSCfp4z03/J/h8tCVG/UYz56Ud3q1UEOK33c5Fxw1C4GlhEh5yYOlSAdxFQLQ==}
    cpu: [x64]
    os: [darwin]

  '@rspack/binding-darwin-x64@1.1.0':
    resolution: {integrity: sha512-HtBh8p6hml7BWNtZaqWFtGbOFP/tvFDn1uPWmA3R32WTILUXNRWXIsLDY95U3Z2U1Gt3SL58SOpJjXlFIb6wZg==}
    cpu: [x64]
    os: [darwin]

  '@rspack/binding-linux-arm64-gnu@1.0.14':
    resolution: {integrity: sha512-JogYtL3VQS9wJ3p3FNhDqinm7avrMsdwz4erP7YCjD7idob93GYAE7dPrHUzSNVnCBYXRaHJYZHDQs7lKVcYZw==}
    cpu: [arm64]
    os: [linux]
    libc: [glibc]

  '@rspack/binding-linux-arm64-gnu@1.1.0':
    resolution: {integrity: sha512-Q/i50Pieii3akdv5Q6my6QelV5Dpc8O/Ir4udpjYl0pbSdKamdI8M85fxrMxGAGcoNSD+X52fDvxJujXWMcP0w==}
    cpu: [arm64]
    os: [linux]
    libc: [glibc]

  '@rspack/binding-linux-arm64-musl@1.0.14':
    resolution: {integrity: sha512-qgybhxI/nnoa8CUz7zKTC0Oh37NZt9uRxsSV7+ZYrfxqbrVCoNVuutPpY724uUHy1M6W34kVEm1uT1N4Ka5cZg==}
    cpu: [arm64]
    os: [linux]
    libc: [musl]

  '@rspack/binding-linux-arm64-musl@1.1.0':
    resolution: {integrity: sha512-H7Eu3xC7LWPpxrI47n8X361eEGGpQOjZIWTz8tLdn4oNS2D9kqsBYES7LsuuLTTH4ueHTDuEtDdfZpBsE+qesw==}
    cpu: [arm64]
    os: [linux]
    libc: [musl]

  '@rspack/binding-linux-x64-gnu@1.0.14':
    resolution: {integrity: sha512-5vzaDRw3/sGKo3ax/1cU3/cxqNjajwlt2LU288vXNe1/n8oe/pcDfYcTugpOe/A1DqzadanudJszLpFcKsaFtQ==}
    cpu: [x64]
    os: [linux]
    libc: [glibc]

  '@rspack/binding-linux-x64-gnu@1.1.0':
    resolution: {integrity: sha512-dIZSutPo2z/OaO2f6SVlcYA6lGBH+4TrRtWmMyPshpTNPrkCGGfDhC43fZ4jCiUj2PO/Hcn8jyKhci4leBsVBA==}
    cpu: [x64]
    os: [linux]
    libc: [glibc]

  '@rspack/binding-linux-x64-musl@1.0.14':
    resolution: {integrity: sha512-4U6QD9xVS1eGme52DuJr6Fg/KdcUfJ+iKwH49Up460dZ/fLvGylnVGA+V0mzPlKi8gfy7NwFuYXZdu3Pwi1YYg==}
    cpu: [x64]
    os: [linux]
    libc: [musl]

  '@rspack/binding-linux-x64-musl@1.1.0':
    resolution: {integrity: sha512-f6L2JWgbG9PKWnVw2YNZdntjzia1V2w2Xq458HkCQUDwhnEipWXaZ2zhfD9jcb4UYoMP8/2uD3B96sSFFNTdrQ==}
    cpu: [x64]
    os: [linux]
    libc: [musl]

  '@rspack/binding-win32-arm64-msvc@1.0.14':
    resolution: {integrity: sha512-SjeYw7qqRHYZ5RPClu+ffKZsShQdU3amA1OwC3M0AS6dbfEcji8482St3Y8Z+QSzYRapCEZij9LMM/9ypEhISg==}
    cpu: [arm64]
    os: [win32]

  '@rspack/binding-win32-arm64-msvc@1.1.0':
    resolution: {integrity: sha512-opo6XR4iXh/QkHiauVQBlU2xR2JyjDmSwgkION27oszu81nr+IajTSXQX96x5I6Bq48GQLU4rItHse/doctQDA==}
    cpu: [arm64]
    os: [win32]

  '@rspack/binding-win32-ia32-msvc@1.0.14':
    resolution: {integrity: sha512-m1gUiVyz3Z3VYIK/Ayo5CVHBjnEeRk9a+KIpKSsq1yhZItnMgjtr4bKabU9vjxalO4UoaSmVzODJI8lJBlnn5Q==}
    cpu: [ia32]
    os: [win32]

  '@rspack/binding-win32-ia32-msvc@1.1.0':
    resolution: {integrity: sha512-FBcG+OPJokSE3nPi1+ZamLK2V4IWdNC+GMr0z7LUrBiKc5lO70y5VkldfyPV1Z+doSuroVINlhK+lRHdQgGwYg==}
    cpu: [ia32]
    os: [win32]

  '@rspack/binding-win32-x64-msvc@1.0.14':
    resolution: {integrity: sha512-Gbeg+bayMF9VP9xmlxySL/TC2XrS6/LZM/pqcNOTLHx6LMG/VXCcmKB0rOZo8MzLXEt8D/lQmQ/B6g7pSaAw0g==}
    cpu: [x64]
    os: [win32]

  '@rspack/binding-win32-x64-msvc@1.1.0':
    resolution: {integrity: sha512-H/6Glp1nZvxWAD5+2hRrp1kBs9f+pLb/un2TdFSUNd2tyXq5GyHCe70+N9psbe/jjGxD8e1vPNQtN/VvkuR0Zg==}
    cpu: [x64]
    os: [win32]

  '@rspack/binding@1.0.14':
    resolution: {integrity: sha512-0wWqFvr9hkF4LgNPgWfkTU0hhkZAMvOytoCs2p+wDX1Up1E/SgJ1U1JAsCxsl1XtUKm7mRvdWHzJmHbza3y89Q==}

  '@rspack/binding@1.1.0':
    resolution: {integrity: sha512-zLduWacrw/bBYiFvhjN70f+AJxXnTzevywXp54vso8d0Nz7z4KIycdz/Ua5AGRUkG2ZuQw6waypN5pXf48EBcA==}

  '@rspack/core@1.0.14':
    resolution: {integrity: sha512-xHl23lxJZNjItGc5YuE9alz3yjb56y7EgJmAcBMPHMqgjtUt8rBu4xd/cSUjbr9/lLF9N4hdyoJiPJOFs9LEjw==}
    engines: {node: '>=16.0.0'}
    peerDependencies:
      '@swc/helpers': '>=0.5.1'
    peerDependenciesMeta:
      '@swc/helpers':
        optional: true

  '@rspack/core@1.1.0':
    resolution: {integrity: sha512-+IYWSe9D3wB97VVBfaojuWLv3wGIBe9pfJkxNObkorN60Nj3UHYzBLuACrHn4hW2mZjAWrv06ReHXJUEGzQqaQ==}
    engines: {node: '>=16.0.0'}
    peerDependencies:
      '@swc/helpers': '>=0.5.1'
    peerDependenciesMeta:
      '@swc/helpers':
        optional: true

  '@rspack/lite-tapable@1.0.1':
    resolution: {integrity: sha512-VynGOEsVw2s8TAlLf/uESfrgfrq2+rcXB1muPJYBWbsm1Oa6r5qVQhjA5ggM6z/coYPrsVMgovl3Ff7Q7OCp1w==}
    engines: {node: '>=16.0.0'}

  '@swc/helpers@0.5.13':
    resolution: {integrity: sha512-UoKGxQ3r5kYI9dALKJapMmuK+1zWM/H17Z1+iwnNmzcJRnfFuevZs375TA5rW31pu4BS4NoSy1fRsexDXfWn5w==}

  '@types/estree@1.0.6':
    resolution: {integrity: sha512-AYnb1nQyY49te+VRAVgmzfcgjYS91mY5P0TKUDCLEM+gNnA+3T6rWITXRLYCpahpqSQbN5cE+gHpnPyXjHWxcw==}

  '@types/node@22.9.0':
    resolution: {integrity: sha512-vuyHg81vvWA1Z1ELfvLko2c8f34gyA0zaic0+Rllc5lbCnbSyuvb2Oxpm6TAUAC/2xZN3QGqxBNggD1nNR2AfQ==}

  '@vercel/ncc@0.38.1':
    resolution: {integrity: sha512-IBBb+iI2NLu4VQn3Vwldyi2QwaXt5+hTyh58ggAMoCGE6DJmPvwL3KPBWcJl1m9LYPChBLE980Jw+CS4Wokqxw==}
    hasBin: true

  acorn@8.14.0:
    resolution: {integrity: sha512-cl669nCJTZBsL97OF4kUQm5g5hC2uihk0NxY3WENAC0TYdILVkAyHymAntgxGkl7K+t0cXIrH5siy5S4XkFycA==}
    engines: {node: '>=0.4.0'}
    hasBin: true

  buffer-from@1.1.2:
    resolution: {integrity: sha512-E+XQCRwSbaaiChtv6k6Dwgc+bx+Bs6vuKJHHl5kox/BaKbhiXzqQOwK4cO22yElGp2OCmjwVhT3HmxgyPGnJfQ==}

  cac@6.7.14:
    resolution: {integrity: sha512-b6Ilus+c3RrdDk+JhLKUAQfzzgLEPy6wcXqS7f/xe1EETvsDP6GORG7SFuOs6cID5YkqchW/LXZbX5bc8j7ZcQ==}
    engines: {node: '>=8'}

  caniuse-lite@1.0.30001679:
    resolution: {integrity: sha512-j2YqID/YwpLnKzCmBOS4tlZdWprXm3ZmQLBH9ZBXFOhoxLA46fwyBvx6toCBWBmnuwUY/qB3kEU6gFx8qgCroA==}

  commander@2.20.3:
    resolution: {integrity: sha512-GpVkmM8vF2vQUkj2LvZmD35JxeJOLCwJ9cUkugyk2nuhbv3+mJvpLYYt+0+USMxE+oj+ey/lJEnhZw75x/OMcQ==}

  core-js@3.38.1:
    resolution: {integrity: sha512-OP35aUorbU3Zvlx7pjsFdu1rGNnD4pgw/CWoYzRY3t2EzoVT7shKHY1dlAy3f41cGIO7ZDPQimhGFTlEYkG/Hw==}

  core-js@3.39.0:
    resolution: {integrity: sha512-raM0ew0/jJUqkJ0E6e8UDtl+y/7ktFivgWvqw8dNSQeNWoSDLvQ1H/RN3aPXB9tBd4/FhyR4RDPGhsNIMsAn7g==}

  fdir@6.4.2:
    resolution: {integrity: sha512-KnhMXsKSPZlAhp7+IjUkRZKPb4fUyccpDrdFXbi4QL1qkmFh9kVY09Yox+n4MaOb3lHZ1Tv829C3oaaXoMYPDQ==}
    peerDependencies:
      picomatch: ^3 || ^4
    peerDependenciesMeta:
      picomatch:
        optional: true

  fsevents@2.3.3:
    resolution: {integrity: sha512-5xoDfX+fL7faATnagmWPpbFtwh/R77WmMMqqHGS65C3vvB0YHrgF+B1YmZ3441tMj5n63k0212XNoJwzlhffQw==}
    engines: {node: ^8.16.0 || ^10.6.0 || >=11.0.0}
    os: [darwin]

  jiti@2.4.0:
    resolution: {integrity: sha512-H5UpaUI+aHOqZXlYOaFP/8AzKsg+guWu+Pr3Y8i7+Y3zr1aXAvCvTAQ1RxSc6oVD8R8c7brgNtTVP91E7upH/g==}
    hasBin: true

  js-tokens@4.0.0:
    resolution: {integrity: sha512-RdJUflcE3cUzKiMqQgsCu06FPu9UdIJO0beYbPhHN4k6apgJtifcoCtT9bcxOpYBtpD2kCM6Sbzg4CausW/PKQ==}

  magic-string@0.30.12:
    resolution: {integrity: sha512-Ea8I3sQMVXr8JhN4z+H/d8zwo+tYDgHE9+5G4Wnrwhs0gaK9fXTKx0Tw5Xwsd/bCPTTZNRAdpyzvoeORe9LYpw==}

  picocolors@1.1.1:
    resolution: {integrity: sha512-xceH2snhtb5M9liqDsmEw56le376mTZkEX/jEb/RxNFyegNul7eNslCXP9FDj/Lcu0X8KEyMceP2ntpaHrDEVA==}

  picomatch@4.0.2:
    resolution: {integrity: sha512-M7BAV6Rlcy5u+m6oPhAPFgJTzAioX/6B0DxyvDlo9l8+T3nLKbrczg2WLUyzd45L8RqfUMyGPzekbMvX2Ldkwg==}
    engines: {node: '>=12'}

  prebundle@1.2.5:
    resolution: {integrity: sha512-Q5MG7i+AqurdHLuit5INkFNsekfA40KAhsqpddDAmIR5NSEVc7sGiSAf7Cmu3OafvkI3QUl4RRTvvjfVP4nqrA==}
    hasBin: true

  prettier@3.3.3:
    resolution: {integrity: sha512-i2tDNA0O5IrMO757lfrdQZCc2jPNDVntV0m/+4whiDfWaTKfMNgR7Qz0NAeGz/nRqF4m5/6CLzbP4/liHt12Ew==}
    engines: {node: '>=14'}
    hasBin: true

  rollup-plugin-dts@6.1.1:
    resolution: {integrity: sha512-aSHRcJ6KG2IHIioYlvAOcEq6U99sVtqDDKVhnwt70rW6tsz3tv5OSjEiWcgzfsHdLyGXZ/3b/7b/+Za3Y6r1XA==}
    engines: {node: '>=16'}
    peerDependencies:
      rollup: ^3.29.4 || ^4
      typescript: ^4.5 || ^5.0

  rollup@4.25.0:
    resolution: {integrity: sha512-uVbClXmR6wvx5R1M3Od4utyLUxrmOcEm3pAtMphn73Apq19PDtHpgZoEvqH2YnnaNUuvKmg2DgRd2Sqv+odyqg==}
    engines: {node: '>=18.0.0', npm: '>=8.0.0'}
    hasBin: true

  rsbuild-plugin-dts@0.0.16:
    resolution: {integrity: sha512-Yfc7h1cTTp55baLgS6DVa3mlLaFlNfoUVmcX7hCH1BT1fNbMabnngvXDtfqJpP62QyXcfrXNmcW0fznTYKgKmA==}
    engines: {node: '>=16.0.0'}
    peerDependencies:
      '@microsoft/api-extractor': ^7
      '@rsbuild/core': 1.x
      typescript: ^5
    peerDependenciesMeta:
      '@microsoft/api-extractor':
        optional: true
      typescript:
        optional: true

  rslog@1.2.3:
    resolution: {integrity: sha512-antALPJaKBRPBU1X2q9t085K4htWDOOv/K1qhTUk7h0l1ePU/KbDqKJn19eKP0dk7PqMioeA0+fu3gyPXCsXxQ==}
    engines: {node: '>=14.17.6'}

  source-map-support@0.5.21:
    resolution: {integrity: sha512-uBHU3L3czsIyYXKX88fdrGovxdSCoTGDRZ6SYXtSRxLZUzHg5P/66Ht6uoUlHu9EZod+inXhKo3qQgwXUT/y1w==}

  source-map@0.6.1:
    resolution: {integrity: sha512-UjgapumWlbMhkBgzT7Ykc5YXUT46F0iKu8SGXq0bcwP5dz/h0Plj6enJqjz1Zbq2l5WaqYnrVbwWOWMyF3F47g==}
    engines: {node: '>=0.10.0'}

  terser@5.36.0:
    resolution: {integrity: sha512-IYV9eNMuFAV4THUspIRXkLakHnV6XO7FEdtKjf/mDyrnqUg9LnlOn6/RwRvM9SZjR4GUq8Nk8zj67FzVARr74w==}
    engines: {node: '>=10'}
    hasBin: true

  tinyglobby@0.2.10:
    resolution: {integrity: sha512-Zc+8eJlFMvgatPZTl6A9L/yht8QqdmUNtURHaKZLmKBE12hNPSrqNkUp2cs3M/UKmNVVAMFQYSjYIVHDjW5zew==}
    engines: {node: '>=12.0.0'}

  tslib@2.8.1:
    resolution: {integrity: sha512-oJFu94HQb+KVduSUQL7wnpmqnfmLsOA/nAh6b6EH0wCEoK0/mPeXU6c3wKDV83MkOuHPRHtSXKKU99IBazS/2w==}

  typescript@5.6.3:
    resolution: {integrity: sha512-hjcS1mhfuyi4WW8IWtjP7brDrG2cuDZukyrYrSauoXGNgx0S7zceP07adYkJycEr56BOUTNPzbInooiN3fn1qw==}
    engines: {node: '>=14.17'}
    hasBin: true

  undici-types@6.19.8:
    resolution: {integrity: sha512-ve2KP6f/JnbPBFyobGHuerC9g1FYGn/F8n1LWTwNxCEzd6IfqTwUQcNXgEtmmQ6DlRrC1hrSrBnCZPokRrDHjw==}

snapshots:

  '@babel/code-frame@7.26.2':
    dependencies:
      '@babel/helper-validator-identifier': 7.25.9
      js-tokens: 4.0.0
      picocolors: 1.1.1
    optional: true

  '@babel/helper-validator-identifier@7.25.9':
    optional: true

  '@jridgewell/gen-mapping@0.3.5':
    dependencies:
      '@jridgewell/set-array': 1.2.1
      '@jridgewell/sourcemap-codec': 1.5.0
      '@jridgewell/trace-mapping': 0.3.25

  '@jridgewell/resolve-uri@3.1.2': {}

  '@jridgewell/set-array@1.2.1': {}

  '@jridgewell/source-map@0.3.6':
    dependencies:
      '@jridgewell/gen-mapping': 0.3.5
      '@jridgewell/trace-mapping': 0.3.25

  '@jridgewell/sourcemap-codec@1.5.0': {}

  '@jridgewell/trace-mapping@0.3.25':
    dependencies:
      '@jridgewell/resolve-uri': 3.1.2
      '@jridgewell/sourcemap-codec': 1.5.0

  '@module-federation/runtime-tools@0.5.1':
    dependencies:
      '@module-federation/runtime': 0.5.1
      '@module-federation/webpack-bundler-runtime': 0.5.1

  '@module-federation/runtime@0.5.1':
    dependencies:
      '@module-federation/sdk': 0.5.1

  '@module-federation/sdk@0.5.1': {}

  '@module-federation/webpack-bundler-runtime@0.5.1':
    dependencies:
      '@module-federation/runtime': 0.5.1
      '@module-federation/sdk': 0.5.1

  '@rollup/rollup-android-arm-eabi@4.25.0':
    optional: true

  '@rollup/rollup-android-arm64@4.25.0':
    optional: true

  '@rollup/rollup-darwin-arm64@4.25.0':
    optional: true

  '@rollup/rollup-darwin-x64@4.25.0':
    optional: true

  '@rollup/rollup-freebsd-arm64@4.25.0':
    optional: true

  '@rollup/rollup-freebsd-x64@4.25.0':
    optional: true

  '@rollup/rollup-linux-arm-gnueabihf@4.25.0':
    optional: true

  '@rollup/rollup-linux-arm-musleabihf@4.25.0':
    optional: true

  '@rollup/rollup-linux-arm64-gnu@4.25.0':
    optional: true

  '@rollup/rollup-linux-arm64-musl@4.25.0':
    optional: true

  '@rollup/rollup-linux-powerpc64le-gnu@4.25.0':
    optional: true

  '@rollup/rollup-linux-riscv64-gnu@4.25.0':
    optional: true

  '@rollup/rollup-linux-s390x-gnu@4.25.0':
    optional: true

  '@rollup/rollup-linux-x64-gnu@4.25.0':
    optional: true

  '@rollup/rollup-linux-x64-musl@4.25.0':
    optional: true

  '@rollup/rollup-win32-arm64-msvc@4.25.0':
    optional: true

  '@rollup/rollup-win32-ia32-msvc@4.25.0':
    optional: true

  '@rollup/rollup-win32-x64-msvc@4.25.0':
    optional: true

  '@rsbuild/core@1.0.19':
    dependencies:
      '@rspack/core': 1.0.14(@swc/helpers@0.5.13)
      '@rspack/lite-tapable': 1.0.1
      '@swc/helpers': 0.5.13
      core-js: 3.38.1
    optionalDependencies:
      fsevents: 2.3.3

  '@rsbuild/core@1.1.0':
    dependencies:
      '@rspack/core': 1.1.0(@swc/helpers@0.5.13)
      '@rspack/lite-tapable': 1.0.1
      '@swc/helpers': 0.5.13
      core-js: 3.39.0
    optionalDependencies:
      fsevents: 2.3.3

  '@rslib/core@0.0.16(typescript@5.6.3)':
    dependencies:
      '@rsbuild/core': 1.0.19
      rsbuild-plugin-dts: 0.0.16(@rsbuild/core@1.0.19)(typescript@5.6.3)
      tinyglobby: 0.2.10
    optionalDependencies:
      typescript: 5.6.3

  '@rspack/binding-darwin-arm64@1.0.14':
    optional: true

  '@rspack/binding-darwin-arm64@1.1.0':
    optional: true

  '@rspack/binding-darwin-x64@1.0.14':
    optional: true

  '@rspack/binding-darwin-x64@1.1.0':
    optional: true

  '@rspack/binding-linux-arm64-gnu@1.0.14':
    optional: true

  '@rspack/binding-linux-arm64-gnu@1.1.0':
    optional: true

  '@rspack/binding-linux-arm64-musl@1.0.14':
    optional: true

  '@rspack/binding-linux-arm64-musl@1.1.0':
    optional: true

  '@rspack/binding-linux-x64-gnu@1.0.14':
    optional: true

  '@rspack/binding-linux-x64-gnu@1.1.0':
    optional: true

  '@rspack/binding-linux-x64-musl@1.0.14':
    optional: true

  '@rspack/binding-linux-x64-musl@1.1.0':
    optional: true

  '@rspack/binding-win32-arm64-msvc@1.0.14':
    optional: true

  '@rspack/binding-win32-arm64-msvc@1.1.0':
    optional: true

  '@rspack/binding-win32-ia32-msvc@1.0.14':
    optional: true

  '@rspack/binding-win32-ia32-msvc@1.1.0':
    optional: true

  '@rspack/binding-win32-x64-msvc@1.0.14':
    optional: true

  '@rspack/binding-win32-x64-msvc@1.1.0':
    optional: true

  '@rspack/binding@1.0.14':
    optionalDependencies:
      '@rspack/binding-darwin-arm64': 1.0.14
      '@rspack/binding-darwin-x64': 1.0.14
      '@rspack/binding-linux-arm64-gnu': 1.0.14
      '@rspack/binding-linux-arm64-musl': 1.0.14
      '@rspack/binding-linux-x64-gnu': 1.0.14
      '@rspack/binding-linux-x64-musl': 1.0.14
      '@rspack/binding-win32-arm64-msvc': 1.0.14
      '@rspack/binding-win32-ia32-msvc': 1.0.14
      '@rspack/binding-win32-x64-msvc': 1.0.14

  '@rspack/binding@1.1.0':
    optionalDependencies:
      '@rspack/binding-darwin-arm64': 1.1.0
      '@rspack/binding-darwin-x64': 1.1.0
      '@rspack/binding-linux-arm64-gnu': 1.1.0
      '@rspack/binding-linux-arm64-musl': 1.1.0
      '@rspack/binding-linux-x64-gnu': 1.1.0
      '@rspack/binding-linux-x64-musl': 1.1.0
      '@rspack/binding-win32-arm64-msvc': 1.1.0
      '@rspack/binding-win32-ia32-msvc': 1.1.0
      '@rspack/binding-win32-x64-msvc': 1.1.0

  '@rspack/core@1.0.14(@swc/helpers@0.5.13)':
    dependencies:
      '@module-federation/runtime-tools': 0.5.1
      '@rspack/binding': 1.0.14
      '@rspack/lite-tapable': 1.0.1
      caniuse-lite: 1.0.30001679
    optionalDependencies:
      '@swc/helpers': 0.5.13

  '@rspack/core@1.1.0(@swc/helpers@0.5.13)':
    dependencies:
      '@module-federation/runtime-tools': 0.5.1
      '@rspack/binding': 1.1.0
      '@rspack/lite-tapable': 1.0.1
      caniuse-lite: 1.0.30001679
    optionalDependencies:
      '@swc/helpers': 0.5.13

  '@rspack/lite-tapable@1.0.1': {}

  '@swc/helpers@0.5.13':
    dependencies:
      tslib: 2.8.1

  '@types/estree@1.0.6': {}

  '@types/node@22.9.0':
    dependencies:
      undici-types: 6.19.8

  '@vercel/ncc@0.38.1': {}

  acorn@8.14.0: {}

  buffer-from@1.1.2: {}

  cac@6.7.14: {}

  caniuse-lite@1.0.30001679: {}

  commander@2.20.3: {}

  core-js@3.38.1: {}

  core-js@3.39.0: {}

  fdir@6.4.2(picomatch@4.0.2):
    optionalDependencies:
      picomatch: 4.0.2

  fsevents@2.3.3:
    optional: true

  jiti@2.4.0: {}

  js-tokens@4.0.0:
    optional: true

  magic-string@0.30.12:
    dependencies:
      '@jridgewell/sourcemap-codec': 1.5.0

  picocolors@1.1.1: {}

  picomatch@4.0.2: {}

  prebundle@1.2.5(typescript@5.6.3):
    dependencies:
      '@vercel/ncc': 0.38.1
      prettier: 3.3.3
      rollup: 4.25.0
      rollup-plugin-dts: 6.1.1(rollup@4.25.0)(typescript@5.6.3)
      terser: 5.36.0
    transitivePeerDependencies:
      - typescript

  prettier@3.3.3: {}

  rollup-plugin-dts@6.1.1(rollup@4.25.0)(typescript@5.6.3):
    dependencies:
      magic-string: 0.30.12
      rollup: 4.25.0
      typescript: 5.6.3
    optionalDependencies:
      '@babel/code-frame': 7.26.2

  rollup@4.25.0:
    dependencies:
      '@types/estree': 1.0.6
    optionalDependencies:
      '@rollup/rollup-android-arm-eabi': 4.25.0
      '@rollup/rollup-android-arm64': 4.25.0
      '@rollup/rollup-darwin-arm64': 4.25.0
      '@rollup/rollup-darwin-x64': 4.25.0
      '@rollup/rollup-freebsd-arm64': 4.25.0
      '@rollup/rollup-freebsd-x64': 4.25.0
      '@rollup/rollup-linux-arm-gnueabihf': 4.25.0
      '@rollup/rollup-linux-arm-musleabihf': 4.25.0
      '@rollup/rollup-linux-arm64-gnu': 4.25.0
      '@rollup/rollup-linux-arm64-musl': 4.25.0
      '@rollup/rollup-linux-powerpc64le-gnu': 4.25.0
      '@rollup/rollup-linux-riscv64-gnu': 4.25.0
      '@rollup/rollup-linux-s390x-gnu': 4.25.0
      '@rollup/rollup-linux-x64-gnu': 4.25.0
      '@rollup/rollup-linux-x64-musl': 4.25.0
      '@rollup/rollup-win32-arm64-msvc': 4.25.0
      '@rollup/rollup-win32-ia32-msvc': 4.25.0
      '@rollup/rollup-win32-x64-msvc': 4.25.0
      fsevents: 2.3.3

  rsbuild-plugin-dts@0.0.16(@rsbuild/core@1.0.19)(typescript@5.6.3):
    dependencies:
      '@rsbuild/core': 1.0.19
      magic-string: 0.30.12
      picocolors: 1.1.1
      tinyglobby: 0.2.10
    optionalDependencies:
      typescript: 5.6.3

  rslog@1.2.3: {}

  source-map-support@0.5.21:
    dependencies:
      buffer-from: 1.1.2
      source-map: 0.6.1

  source-map@0.6.1: {}

  terser@5.36.0:
    dependencies:
      '@jridgewell/source-map': 0.3.6
      acorn: 8.14.0
      commander: 2.20.3
      source-map-support: 0.5.21

  tinyglobby@0.2.10:
    dependencies:
      fdir: 6.4.2(picomatch@4.0.2)
      picomatch: 4.0.2

  tslib@2.8.1: {}

  typescript@5.6.3: {}

  undici-types@6.19.8: {}
